// !$*UTF8*$!
{
	archiveVersion = 1;
	classes = {
	};
	objectVersion = 50;
	objects = {

/* Begin PBXBuildFile section */
		A814156F28AD3EBE00BBD634 /* AppDelegate.swift in Sources */ = {isa = PBXBuildFile; fileRef = A814156E28AD3EBE00BBD634 /* AppDelegate.swift */; };
		A814157128AD3EBE00BBD634 /* SceneDelegate.swift in Sources */ = {isa = PBXBuildFile; fileRef = A814157028AD3EBE00BBD634 /* SceneDelegate.swift */; };
		A814157328AD3EBE00BBD634 /* ViewController.swift in Sources */ = {isa = PBXBuildFile; fileRef = A814157228AD3EBE00BBD634 /* ViewController.swift */; };
		A814157628AD3EBE00BBD634 /* Main.storyboard in Resources */ = {isa = PBXBuildFile; fileRef = A814157428AD3EBE00BBD634 /* Main.storyboard */; };
		A814157928AD3EBE00BBD634 /* codette.xcdatamodeld in Sources */ = {isa = PBXBuildFile; fileRef = A814157728AD3EBE00BBD634 /* codette.xcdatamodeld */; };
		A814157B28AD3EC700BBD634 /* Assets.xcassets in Resources */ = {isa = PBXBuildFile; fileRef = A814157A28AD3EC700BBD634 /* Assets.xcassets */; };
		A814157E28AD3EC700BBD634 /* LaunchScreen.storyboard in Resources */ = {isa = PBXBuildFile; fileRef = A814157C28AD3EC700BBD634 /* LaunchScreen.storyboard */; };
		A814158928AD3EC800BBD634 /* codetteTests.swift in Sources */ = {isa = PBXBuildFile; fileRef = A814158828AD3EC800BBD634 /* codetteTests.swift */; };
		A814159428AD3EC800BBD634 /* codetteUITests.swift in Sources */ = {isa = PBXBuildFile; fileRef = A814159328AD3EC800BBD634 /* codetteUITests.swift */; };
/* End PBXBuildFile section */

/* Begin PBXContainerItemProxy section */
		A814158528AD3EC800BBD634 /* PBXContainerItemProxy */ = {
			isa = PBXContainerItemProxy;
			containerPortal = A814156328AD3EBD00BBD634 /* Project object */;
			proxyType = 1;
			remoteGlobalIDString = A814156A28AD3EBD00BBD634;
			remoteInfo = codette;
		};
		A814159028AD3EC800BBD634 /* PBXContainerItemProxy */ = {
			isa = PBXContainerItemProxy;
			containerPortal = A814156328AD3EBD00BBD634 /* Project object */;
			proxyType = 1;
			remoteGlobalIDString = A814156A28AD3EBD00BBD634;
			remoteInfo = codette;
		};
/* End PBXContainerItemProxy section */

/* Begin PBXFileReference section */
		A814156B28AD3EBE00BBD634 /* codette.app */ = {isa = PBXFileReference; explicitFileType = wrapper.application; includeInIndex = 0; path = codette.app; sourceTree = BUILT_PRODUCTS_DIR; };
		A814156E28AD3EBE00BBD634 /* AppDelegate.swift */ = {isa = PBXFileReference; lastKnownFileType = sourcecode.swift; path = AppDelegate.swift; sourceTree = "<group>"; };
		A814157028AD3EBE00BBD634 /* SceneDelegate.swift */ = {isa = PBXFileReference; lastKnownFileType = sourcecode.swift; path = SceneDelegate.swift; sourceTree = "<group>"; };
		A814157228AD3EBE00BBD634 /* ViewController.swift */ = {isa = PBXFileReference; lastKnownFileType = sourcecode.swift; path = ViewController.swift; sourceTree = "<group>"; };
		A814157528AD3EBE00BBD634 /* Base */ = {isa = PBXFileReference; lastKnownFileType = file.storyboard; name = Base; path = Base.lproj/Main.storyboard; sourceTree = "<group>"; };
		A814157828AD3EBE00BBD634 /* codette.xcdatamodel */ = {isa = PBXFileReference; lastKnownFileType = wrapper.xcdatamodel; path = codette.xcdatamodel; sourceTree = "<group>"; };
		A814157A28AD3EC700BBD634 /* Assets.xcassets */ = {isa = PBXFileReference; lastKnownFileType = folder.assetcatalog; path = Assets.xcassets; sourceTree = "<group>"; };
		A814157D28AD3EC700BBD634 /* Base */ = {isa = PBXFileReference; lastKnownFileType = file.storyboard; name = Base; path = Base.lproj/LaunchScreen.storyboard; sourceTree = "<group>"; };
		A814157F28AD3EC700BBD634 /* Info.plist */ = {isa = PBXFileReference; lastKnownFileType = text.plist.xml; path = Info.plist; sourceTree = "<group>"; };
		A814158428AD3EC800BBD634 /* codetteTests.xctest */ = {isa = PBXFileReference; explicitFileType = wrapper.cfbundle; includeInIndex = 0; path = codetteTests.xctest; sourceTree = BUILT_PRODUCTS_DIR; };
		A814158828AD3EC800BBD634 /* codetteTests.swift */ = {isa = PBXFileReference; lastKnownFileType = sourcecode.swift; path = codetteTests.swift; sourceTree = "<group>"; };
		A814158A28AD3EC800BBD634 /* Info.plist */ = {isa = PBXFileReference; lastKnownFileType = text.plist.xml; path = Info.plist; sourceTree = "<group>"; };
		A814158F28AD3EC800BBD634 /* codetteUITests.xctest */ = {isa = PBXFileReference; explicitFileType = wrapper.cfbundle; includeInIndex = 0; path = codetteUITests.xctest; sourceTree = BUILT_PRODUCTS_DIR; };
		A814159328AD3EC800BBD634 /* codetteUITests.swift */ = {isa = PBXFileReference; lastKnownFileType = sourcecode.swift; path = codetteUITests.swift; sourceTree = "<group>"; };
		A814159528AD3EC800BBD634 /* Info.plist */ = {isa = PBXFileReference; lastKnownFileType = text.plist.xml; path = Info.plist; sourceTree = "<group>"; };
/* End PBXFileReference section */

/* Begin PBXFrameworksBuildPhase section */
		A814156828AD3EBD00BBD634 /* Frameworks */ = {
			isa = PBXFrameworksBuildPhase;
			buildActionMask = 2147483647;
			files = (
			);
			runOnlyForDeploymentPostprocessing = 0;
		};
		A814158128AD3EC800BBD634 /* Frameworks */ = {
			isa = PBXFrameworksBuildPhase;
			buildActionMask = 2147483647;
			files = (
			);
			runOnlyForDeploymentPostprocessing = 0;
		};
		A814158C28AD3EC800BBD634 /* Frameworks */ = {
			isa = PBXFrameworksBuildPhase;
			buildActionMask = 2147483647;
			files = (
			);
			runOnlyForDeploymentPostprocessing = 0;
		};
/* End PBXFrameworksBuildPhase section */

/* Begin PBXGroup section */
		A814156228AD3EBD00BBD634 = {
			isa = PBXGroup;
			children = (
				A814156D28AD3EBE00BBD634 /* codette */,
				A814158728AD3EC800BBD634 /* codetteTests */,
				A814159228AD3EC800BBD634 /* codetteUITests */,
				A814156C28AD3EBE00BBD634 /* Products */,
			);
			sourceTree = "<group>";
		};
		A814156C28AD3EBE00BBD634 /* Products */ = {
			isa = PBXGroup;
			children = (
				A814156B28AD3EBE00BBD634 /* codette.app */,
				A814158428AD3EC800BBD634 /* codetteTests.xctest */,
				A814158F28AD3EC800BBD634 /* codetteUITests.xctest */,
			);
			name = Products;
			sourceTree = "<group>";
		};
		A814156D28AD3EBE00BBD634 /* codette */ = {
			isa = PBXGroup;
			children = (
				A814156E28AD3EBE00BBD634 /* AppDelegate.swift */,
				A814157028AD3EBE00BBD634 /* SceneDelegate.swift */,
				A814157228AD3EBE00BBD634 /* ViewController.swift */,
				A814157428AD3EBE00BBD634 /* Main.storyboard */,
				A814157A28AD3EC700BBD634 /* Assets.xcassets */,
				A814157C28AD3EC700BBD634 /* LaunchScreen.storyboard */,
				A814157F28AD3EC700BBD634 /* Info.plist */,
				A814157728AD3EBE00BBD634 /* codette.xcdatamodeld */,
			);
			path = codette;
			sourceTree = "<group>";
		};
		A814158728AD3EC800BBD634 /* codetteTests */ = {
			isa = PBXGroup;
			children = (
				A814158828AD3EC800BBD634 /* codetteTests.swift */,
				A814158A28AD3EC800BBD634 /* Info.plist */,
			);
			path = codetteTests;
			sourceTree = "<group>";
		};
		A814159228AD3EC800BBD634 /* codetteUITests */ = {
			isa = PBXGroup;
			children = (
				A814159328AD3EC800BBD634 /* codetteUITests.swift */,
				A814159528AD3EC800BBD634 /* Info.plist */,
			);
			path = codetteUITests;
			sourceTree = "<group>";
		};
/* End PBXGroup section */

/* Begin PBXNativeTarget section */
		A814156A28AD3EBD00BBD634 /* codette */ = {
			isa = PBXNativeTarget;
			buildConfigurationList = A814159828AD3EC800BBD634 /* Build configuration list for PBXNativeTarget "codette" */;
			buildPhases = (
				A814156728AD3EBD00BBD634 /* Sources */,
				A814156828AD3EBD00BBD634 /* Frameworks */,
				A814156928AD3EBD00BBD634 /* Resources */,
			);
			buildRules = (
			);
			dependencies = (
			);
			name = codette;
			productName = codette;
			productReference = A814156B28AD3EBE00BBD634 /* codette.app */;
			productType = "com.apple.product-type.application";
		};
		A814158328AD3EC800BBD634 /* codetteTests */ = {
			isa = PBXNativeTarget;
			buildConfigurationList = A814159B28AD3EC800BBD634 /* Build configuration list for PBXNativeTarget "codetteTests" */;
			buildPhases = (
				A814158028AD3EC800BBD634 /* Sources */,
				A814158128AD3EC800BBD634 /* Frameworks */,
				A814158228AD3EC800BBD634 /* Resources */,
			);
			buildRules = (
			);
			dependencies = (
				A814158628AD3EC800BBD634 /* PBXTargetDependency */,
			);
			name = codetteTests;
			productName = codetteTests;
			productReference = A814158428AD3EC800BBD634 /* codetteTests.xctest */;
			productType = "com.apple.product-type.bundle.unit-test";
		};
		A814158E28AD3EC800BBD634 /* codetteUITests */ = {
			isa = PBXNativeTarget;
			buildConfigurationList = A814159E28AD3EC800BBD634 /* Build configuration list for PBXNativeTarget "codetteUITests" */;
			buildPhases = (
				A814158B28AD3EC800BBD634 /* Sources */,
				A814158C28AD3EC800BBD634 /* Frameworks */,
				A814158D28AD3EC800BBD634 /* Resources */,
			);
			buildRules = (
			);
			dependencies = (
				A814159128AD3EC800BBD634 /* PBXTargetDependency */,
			);
			name = codetteUITests;
			productName = codetteUITests;
			productReference = A814158F28AD3EC800BBD634 /* codetteUITests.xctest */;
			productType = "com.apple.product-type.bundle.ui-testing";
		};
/* End PBXNativeTarget section */

/* Begin PBXProject section */
		A814156328AD3EBD00BBD634 /* Project object */ = {
			isa = PBXProject;
			attributes = {
				LastSwiftUpdateCheck = 1250;
				LastUpgradeCheck = 1250;
				TargetAttributes = {
					A814156A28AD3EBD00BBD634 = {
						CreatedOnToolsVersion = 12.5.1;
					};
					A814158328AD3EC800BBD634 = {
						CreatedOnToolsVersion = 12.5.1;
						TestTargetID = A814156A28AD3EBD00BBD634;
					};
					A814158E28AD3EC800BBD634 = {
						CreatedOnToolsVersion = 12.5.1;
						TestTargetID = A814156A28AD3EBD00BBD634;
					};
				};
			};
			buildConfigurationList = A814156628AD3EBD00BBD634 /* Build configuration list for PBXProject "codette" */;
			compatibilityVersion = "Xcode 9.3";
			developmentRegion = en;
			hasScannedForEncodings = 0;
			knownRegions = (
				en,
				Base,
			);
			mainGroup = A814156228AD3EBD00BBD634;
			productRefGroup = A814156C28AD3EBE00BBD634 /* Products */;
			projectDirPath = "";
			projectRoot = "";
			targets = (
				A814156A28AD3EBD00BBD634 /* codette */,
				A814158328AD3EC800BBD634 /* codetteTests */,
				A814158E28AD3EC800BBD634 /* codetteUITests */,
			);
		};
/* End PBXProject section */

/* Begin PBXResourcesBuildPhase section */
		A814156928AD3EBD00BBD634 /* Resources */ = {
			isa = PBXResourcesBuildPhase;
			buildActionMask = 2147483647;
			files = (
				A814157E28AD3EC700BBD634 /* LaunchScreen.storyboard in Resources */,
				A814157B28AD3EC700BBD634 /* Assets.xcassets in Resources */,
				A814157628AD3EBE00BBD634 /* Main.storyboard in Resources */,
			);
			runOnlyForDeploymentPostprocessing = 0;
		};
		A814158228AD3EC800BBD634 /* Resources */ = {
			isa = PBXResourcesBuildPhase;
			buildActionMask = 2147483647;
			files = (
			);
			runOnlyForDeploymentPostprocessing = 0;
		};
		A814158D28AD3EC800BBD634 /* Resources */ = {
			isa = PBXResourcesBuildPhase;
			buildActionMask = 2147483647;
			files = (
			);
			runOnlyForDeploymentPostprocessing = 0;
		};
/* End PBXResourcesBuildPhase section */

/* Begin PBXSourcesBuildPhase section */
		A814156728AD3EBD00BBD634 /* Sources */ = {
			isa = PBXSourcesBuildPhase;
			buildActionMask = 2147483647;
			files = (
				A814157928AD3EBE00BBD634 /* codette.xcdatamodeld in Sources */,
				A814157328AD3EBE00BBD634 /* ViewController.swift in Sources */,
				A814156F28AD3EBE00BBD634 /* AppDelegate.swift in Sources */,
				A814157128AD3EBE00BBD634 /* SceneDelegate.swift in Sources */,
			);
			runOnlyForDeploymentPostprocessing = 0;
		};
		A814158028AD3EC800BBD634 /* Sources */ = {
			isa = PBXSourcesBuildPhase;
			buildActionMask = 2147483647;
			files = (
				A814158928AD3EC800BBD634 /* codetteTests.swift in Sources */,
			);
			runOnlyForDeploymentPostprocessing = 0;
		};
		A814158B28AD3EC800BBD634 /* Sources */ = {
			isa = PBXSourcesBuildPhase;
			buildActionMask = 2147483647;
			files = (
				A814159428AD3EC800BBD634 /* codetteUITests.swift in Sources */,
			);
			runOnlyForDeploymentPostprocessing = 0;
		};
/* End PBXSourcesBuildPhase section */

/* Begin PBXTargetDependency section */
		A814158628AD3EC800BBD634 /* PBXTargetDependency */ = {
			isa = PBXTargetDependency;
			target = A814156A28AD3EBD00BBD634 /* codette */;
			targetProxy = A814158528AD3EC800BBD634 /* PBXContainerItemProxy */;
		};
		A814159128AD3EC800BBD634 /* PBXTargetDependency */ = {
			isa = PBXTargetDependency;
			target = A814156A28AD3EBD00BBD634 /* codette */;
			targetProxy = A814159028AD3EC800BBD634 /* PBXContainerItemProxy */;
		};
/* End PBXTargetDependency section */

/* Begin PBXVariantGroup section */
		A814157428AD3EBE00BBD634 /* Main.storyboard */ = {
			isa = PBXVariantGroup;
			children = (
				A814157528AD3EBE00BBD634 /* Base */,
			);
			name = Main.storyboard;
			sourceTree = "<group>";
		};
		A814157C28AD3EC700BBD634 /* LaunchScreen.storyboard */ = {
			isa = PBXVariantGroup;
			children = (
				A814157D28AD3EC700BBD634 /* Base */,
			);
			name = LaunchScreen.storyboard;
			sourceTree = "<group>";
		};
/* End PBXVariantGroup section */

/* Begin XCBuildConfiguration section */
		A814159628AD3EC800BBD634 /* Debug */ = {
			isa = XCBuildConfiguration;
			buildSettings = {
				ALWAYS_SEARCH_USER_PATHS = NO;
				CLANG_ANALYZER_NONNULL = YES;
				CLANG_ANALYZER_NUMBER_OBJECT_CONVERSION = YES_AGGRESSIVE;
				CLANG_CXX_LANGUAGE_STANDARD = "gnu++14";
				CLANG_CXX_LIBRARY = "libc++";
				CLANG_ENABLE_MODULES = YES;
				CLANG_ENABLE_OBJC_ARC = YES;
				CLANG_ENABLE_OBJC_WEAK = YES;
				CLANG_WARN_BLOCK_CAPTURE_AUTORELEASING = YES;
				CLANG_WARN_BOOL_CONVERSION = YES;
				CLANG_WARN_COMMA = YES;
				CLANG_WARN_CONSTANT_CONVERSION = YES;
				CLANG_WARN_DEPRECATED_OBJC_IMPLEMENTATIONS = YES;
				CLANG_WARN_DIRECT_OBJC_ISA_USAGE = YES_ERROR;
				CLANG_WARN_DOCUMENTATION_COMMENTS = YES;
				CLANG_WARN_EMPTY_BODY = YES;
				CLANG_WARN_ENUM_CONVERSION = YES;
				CLANG_WARN_INFINITE_RECURSION = YES;
				CLANG_WARN_INT_CONVERSION = YES;
				CLANG_WARN_NON_LITERAL_NULL_CONVERSION = YES;
				CLANG_WARN_OBJC_IMPLICIT_RETAIN_SELF = YES;
				CLANG_WARN_OBJC_LITERAL_CONVERSION = YES;
				CLANG_WARN_OBJC_ROOT_CLASS = YES_ERROR;
				CLANG_WARN_QUOTED_INCLUDE_IN_FRAMEWORK_HEADER = YES;
				CLANG_WARN_RANGE_LOOP_ANALYSIS = YES;
				CLANG_WARN_STRICT_PROTOTYPES = YES;
				CLANG_WARN_SUSPICIOUS_MOVE = YES;
				CLANG_WARN_UNGUARDED_AVAILABILITY = YES_AGGRESSIVE;
				CLANG_WARN_UNREACHABLE_CODE = YES;
				CLANG_WARN__DUPLICATE_METHOD_MATCH = YES;
				COPY_PHASE_STRIP = NO;
				DEBUG_INFORMATION_FORMAT = dwarf;
				ENABLE_STRICT_OBJC_MSGSEND = YES;
				ENABLE_TESTABILITY = YES;
				GCC_C_LANGUAGE_STANDARD = gnu11;
				GCC_DYNAMIC_NO_PIC = NO;
				GCC_NO_COMMON_BLOCKS = YES;
				GCC_OPTIMIZATION_LEVEL = 0;
				GCC_PREPROCESSOR_DEFINITIONS = (
					"DEBUG=1",
					"$(inherited)",
				);
				GCC_WARN_64_TO_32_BIT_CONVERSION = YES;
				GCC_WARN_ABOUT_RETURN_TYPE = YES_ERROR;
				GCC_WARN_UNDECLARED_SELECTOR = YES;
				GCC_WARN_UNINITIALIZED_AUTOS = YES_AGGRESSIVE;
				GCC_WARN_UNUSED_FUNCTION = YES;
				GCC_WARN_UNUSED_VARIABLE = YES;
				IPHONEOS_DEPLOYMENT_TARGET = 14.5;
				MTL_ENABLE_DEBUG_INFO = INCLUDE_SOURCE;
				MTL_FAST_MATH = YES;
				ONLY_ACTIVE_ARCH = YES;
				SDKROOT = iphoneos;
				SWIFT_ACTIVE_COMPILATION_CONDITIONS = DEBUG;
				SWIFT_OPTIMIZATION_LEVEL = "-Onone";
			};
			name = Debug;
		};
		A814159728AD3EC800BBD634 /* Release */ = {
			isa = XCBuildConfiguration;
			buildSettings = {
				ALWAYS_SEARCH_USER_PATHS = NO;
				CLANG_ANALYZER_NONNULL = YES;
				CLANG_ANALYZER_NUMBER_OBJECT_CONVERSION = YES_AGGRESSIVE;
				CLANG_CXX_LANGUAGE_STANDARD = "gnu++14";
				CLANG_CXX_LIBRARY = "libc++";
				CLANG_ENABLE_MODULES = YES;
				CLANG_ENABLE_OBJC_ARC = YES;
				CLANG_ENABLE_OBJC_WEAK = YES;
				CLANG_WARN_BLOCK_CAPTURE_AUTORELEASING = YES;
				CLANG_WARN_BOOL_CONVERSION = YES;
				CLANG_WARN_COMMA = YES;
				CLANG_WARN_CONSTANT_CONVERSION = YES;
				CLANG_WARN_DEPRECATED_OBJC_IMPLEMENTATIONS = YES;
				CLANG_WARN_DIRECT_OBJC_ISA_USAGE = YES_ERROR;
				CLANG_WARN_DOCUMENTATION_COMMENTS = YES;
				CLANG_WARN_EMPTY_BODY = YES;
				CLANG_WARN_ENUM_CONVERSION = YES;
				CLANG_WARN_INFINITE_RECURSION = YES;
				CLANG_WARN_INT_CONVERSION = YES;
				CLANG_WARN_NON_LITERAL_NULL_CONVERSION = YES;
				CLANG_WARN_OBJC_IMPLICIT_RETAIN_SELF = YES;
				CLANG_WARN_OBJC_LITERAL_CONVERSION = YES;
				CLANG_WARN_OBJC_ROOT_CLASS = YES_ERROR;
				CLANG_WARN_QUOTED_INCLUDE_IN_FRAMEWORK_HEADER = YES;
				CLANG_WARN_RANGE_LOOP_ANALYSIS = YES;
				CLANG_WARN_STRICT_PROTOTYPES = YES;
				CLANG_WARN_SUSPICIOUS_MOVE = YES;
				CLANG_WARN_UNGUARDED_AVAILABILITY = YES_AGGRESSIVE;
				CLANG_WARN_UNREACHABLE_CODE = YES;
				CLANG_WARN__DUPLICATE_METHOD_MATCH = YES;
				COPY_PHASE_STRIP = NO;
				DEBUG_INFORMATION_FORMAT = "dwarf-with-dsym";
				ENABLE_NS_ASSERTIONS = NO;
				ENABLE_STRICT_OBJC_MSGSEND = YES;
				GCC_C_LANGUAGE_STANDARD = gnu11;
				GCC_NO_COMMON_BLOCKS = YES;
				GCC_WARN_64_TO_32_BIT_CONVERSION = YES;
				GCC_WARN_ABOUT_RETURN_TYPE = YES_ERROR;
				GCC_WARN_UNDECLARED_SELECTOR = YES;
				GCC_WARN_UNINITIALIZED_AUTOS = YES_AGGRESSIVE;
				GCC_WARN_UNUSED_FUNCTION = YES;
				GCC_WARN_UNUSED_VARIABLE = YES;
				IPHONEOS_DEPLOYMENT_TARGET = 14.5;
				MTL_ENABLE_DEBUG_INFO = NO;
				MTL_FAST_MATH = YES;
				SDKROOT = iphoneos;
				SWIFT_COMPILATION_MODE = wholemodule;
				SWIFT_OPTIMIZATION_LEVEL = "-O";
				VALIDATE_PRODUCT = YES;
			};
			name = Release;
		};
		A814159928AD3EC800BBD634 /* Debug */ = {
			isa = XCBuildConfiguration;
			buildSettings = {
				ASSETCATALOG_COMPILER_APPICON_NAME = AppIcon;
				ASSETCATALOG_COMPILER_GLOBAL_ACCENT_COLOR_NAME = AccentColor;
				CODE_SIGN_STYLE = Automatic;
				INFOPLIST_FILE = codette/Info.plist;
				LD_RUNPATH_SEARCH_PATHS = (
					"$(inherited)",
					"@executable_path/Frameworks",
				);
				PRODUCT_BUNDLE_IDENTIFIER = KWK.codette;
				PRODUCT_NAME = "$(TARGET_NAME)";
				SWIFT_VERSION = 5.0;
				TARGETED_DEVICE_FAMILY = "1,2";
			};
			name = Debug;
		};
		A814159A28AD3EC800BBD634 /* Release */ = {
			isa = XCBuildConfiguration;
			buildSettings = {
				ASSETCATALOG_COMPILER_APPICON_NAME = AppIcon;
				ASSETCATALOG_COMPILER_GLOBAL_ACCENT_COLOR_NAME = AccentColor;
				CODE_SIGN_STYLE = Automatic;
				INFOPLIST_FILE = codette/Info.plist;
				LD_RUNPATH_SEARCH_PATHS = (
					"$(inherited)",
					"@executable_path/Frameworks",
				);
				PRODUCT_BUNDLE_IDENTIFIER = KWK.codette;
				PRODUCT_NAME = "$(TARGET_NAME)";
				SWIFT_VERSION = 5.0;
				TARGETED_DEVICE_FAMILY = "1,2";
			};
			name = Release;
		};
		A814159C28AD3EC800BBD634 /* Debug */ = {
			isa = XCBuildConfiguration;
			buildSettings = {
				ALWAYS_EMBED_SWIFT_STANDARD_LIBRARIES = YES;
				BUNDLE_LOADER = "$(TEST_HOST)";
				CODE_SIGN_STYLE = Automatic;
				INFOPLIST_FILE = codetteTests/Info.plist;
				IPHONEOS_DEPLOYMENT_TARGET = 14.5;
				LD_RUNPATH_SEARCH_PATHS = (
					"$(inherited)",
					"@executable_path/Frameworks",
					"@loader_path/Frameworks",
				);
				PRODUCT_BUNDLE_IDENTIFIER = KWK.codetteTests;
				PRODUCT_NAME = "$(TARGET_NAME)";
				SWIFT_VERSION = 5.0;
				TARGETED_DEVICE_FAMILY = "1,2";
				TEST_HOST = "$(BUILT_PRODUCTS_DIR)/codette.app/codette";
			};
			name = Debug;
		};
		A814159D28AD3EC800BBD634 /* Release */ = {
			isa = XCBuildConfiguration;
			buildSettings = {
				ALWAYS_EMBED_SWIFT_STANDARD_LIBRARIES = YES;
				BUNDLE_LOADER = "$(TEST_HOST)";
				CODE_SIGN_STYLE = Automatic;
				INFOPLIST_FILE = codetteTests/Info.plist;
				IPHONEOS_DEPLOYMENT_TARGET = 14.5;
				LD_RUNPATH_SEARCH_PATHS = (
					"$(inherited)",
					"@executable_path/Frameworks",
					"@loader_path/Frameworks",
				);
				PRODUCT_BUNDLE_IDENTIFIER = KWK.codetteTests;
				PRODUCT_NAME = "$(TARGET_NAME)";
				SWIFT_VERSION = 5.0;
				TARGETED_DEVICE_FAMILY = "1,2";
				TEST_HOST = "$(BUILT_PRODUCTS_DIR)/codette.app/codette";
			};
			name = Release;
		};
		A814159F28AD3EC800BBD634 /* Debug */ = {
			isa = XCBuildConfiguration;
			buildSettings = {
				ALWAYS_EMBED_SWIFT_STANDARD_LIBRARIES = YES;
				CODE_SIGN_STYLE = Automatic;
				INFOPLIST_FILE = codetteUITests/Info.plist;
				LD_RUNPATH_SEARCH_PATHS = (
					"$(inherited)",
					"@executable_path/Frameworks",
					"@loader_path/Frameworks",
				);
				PRODUCT_BUNDLE_IDENTIFIER = KWK.codetteUITests;
				PRODUCT_NAME = "$(TARGET_NAME)";
				SWIFT_VERSION = 5.0;
				TARGETED_DEVICE_FAMILY = "1,2";
				TEST_TARGET_NAME = codette;
			};
			name = Debug;
		};
		A81415A028AD3EC800BBD634 /* Release */ = {
			isa = XCBuildConfiguration;
			buildSettings = {
				ALWAYS_EMBED_SWIFT_STANDARD_LIBRARIES = YES;
				CODE_SIGN_STYLE = Automatic;
				INFOPLIST_FILE = codetteUITests/Info.plist;
				LD_RUNPATH_SEARCH_PATHS = (
					"$(inherited)",
					"@executable_path/Frameworks",
					"@loader_path/Frameworks",
				);
				PRODUCT_BUNDLE_IDENTIFIER = KWK.codetteUITests;
				PRODUCT_NAME = "$(TARGET_NAME)";
				SWIFT_VERSION = 5.0;
				TARGETED_DEVICE_FAMILY = "1,2";
				TEST_TARGET_NAME = codette;
			};
			name = Release;
		};
/* End XCBuildConfiguration section */

/* Begin XCConfigurationList section */
		A814156628AD3EBD00BBD634 /* Build configuration list for PBXProject "codette" */ = {
			isa = XCConfigurationList;
			buildConfigurations = (
				A814159628AD3EC800BBD634 /* Debug */,
				A814159728AD3EC800BBD634 /* Release */,
			);
			defaultConfigurationIsVisible = 0;
			defaultConfigurationName = Release;
		};
		A814159828AD3EC800BBD634 /* Build configuration list for PBXNativeTarget "codette" */ = {
			isa = XCConfigurationList;
			buildConfigurations = (
				A814159928AD3EC800BBD634 /* Debug */,
				A814159A28AD3EC800BBD634 /* Release */,
			);
			defaultConfigurationIsVisible = 0;
			defaultConfigurationName = Release;
		};
		A814159B28AD3EC800BBD634 /* Build configuration list for PBXNativeTarget "codetteTests" */ = {
			isa = XCConfigurationList;
			buildConfigurations = (
				A814159C28AD3EC800BBD634 /* Debug */,
				A814159D28AD3EC800BBD634 /* Release */,
			);
			defaultConfigurationIsVisible = 0;
			defaultConfigurationName = Release;
		};
		A814159E28AD3EC800BBD634 /* Build configuration list for PBXNativeTarget "codetteUITests" */ = {
			isa = XCConfigurationList;
			buildConfigurations = (
				A814159F28AD3EC800BBD634 /* Debug */,
				A81415A028AD3EC800BBD634 /* Release */,
			);
			defaultConfigurationIsVisible = 0;
			defaultConfigurationName = Release;
		};
/* End XCConfigurationList section */

/* Begin XCVersionGroup section */
		A814157728AD3EBE00BBD634 /* codette.xcdatamodeld */ = {
			isa = XCVersionGroup;
			children = (
				A814157828AD3EBE00BBD634 /* codette.xcdatamodel */,
			);
			currentVersion = A814157828AD3EBE00BBD634 /* codette.xcdatamodel */;
			path = codette.xcdatamodeld;
			sourceTree = "<group>";
			versionGroupType = wrapper.xcdatamodel;
		};
/* End XCVersionGroup section */
	};
	rootObject = A814156328AD3EBD00BBD634 /* Project object */;
}
